// !$*UTF8*$!
{
	archiveVersion = 1;
	classes = {
	};
	objectVersion = 77;
	objects = {

/* Begin PBXBuildFile section */
		BE026D8D2E7EAA3200ADB5D0 /* Configuration.storekit in Resources */ = {isa = PBXBuildFile; fileRef = BE026D8C2E7EAA3200ADB5D0 /* Configuration.storekit */; };
		BE026D8F2E7EAA4900ADB5D0 /* PurchaseManager.swift in Sources */ = {isa = PBXBuildFile; fileRef = BE026D8E2E7EAA4900ADB5D0 /* PurchaseManager.swift */; };
		BE026D912E7EAA6200ADB5D0 /* PurchaseView.swift in Sources */ = {isa = PBXBuildFile; fileRef = BE026D902E7EAA6200ADB5D0 /* PurchaseView.swift */; };
		BE026D932E7EAAEB00ADB5D0 /* ProFeatureViews.swift in Sources */ = {isa = PBXBuildFile; fileRef = BE026D922E7EAAEB00ADB5D0 /* ProFeatureViews.swift */; };
		BE026FCC2E7F618500ADB5D0 /* quickMemoWatch Watch App.app in Embed Watch Content */ = {isa = PBXBuildFile; fileRef = BE026FAC2E7F618400ADB5D0 /* quickMemoWatch Watch App.app */; settings = {ATTRIBUTES = (RemoveHeadersOnCopy, ); }; };
		BE37DED02E75A03000343AF8 /* WidgetKit.framework in Frameworks */ = {isa = PBXBuildFile; fileRef = BE37DECF2E75A03000343AF8 /* WidgetKit.framework */; };
		BE37DED22E75A03000343AF8 /* SwiftUI.framework in Frameworks */ = {isa = PBXBuildFile; fileRef = BE37DED12E75A03000343AF8 /* SwiftUI.framework */; };
		BE37DEE32E75A03100343AF8 /* quickMemoWidgetExtension.appex in Embed Foundation Extensions */ = {isa = PBXBuildFile; fileRef = BE37DECD2E75A03000343AF8 /* quickMemoWidgetExtension.appex */; settings = {ATTRIBUTES = (RemoveHeadersOnCopy, ); }; };
/* End PBXBuildFile section */

/* Begin PBXContainerItemProxy section */
		BE026FB92E7F618500ADB5D0 /* PBXContainerItemProxy */ = {
			isa = PBXContainerItemProxy;
			containerPortal = BE2A96EE2E52958500736A63 /* Project object */;
			proxyType = 1;
			remoteGlobalIDString = BE026FAB2E7F618400ADB5D0;
			remoteInfo = "quickMemoWatch Watch App";
		};
		BE026FC32E7F618500ADB5D0 /* PBXContainerItemProxy */ = {
			isa = PBXContainerItemProxy;
			containerPortal = BE2A96EE2E52958500736A63 /* Project object */;
			proxyType = 1;
			remoteGlobalIDString = BE026FAB2E7F618400ADB5D0;
			remoteInfo = "quickMemoWatch Watch App";
		};
		BE026FCA2E7F618500ADB5D0 /* PBXContainerItemProxy */ = {
			isa = PBXContainerItemProxy;
			containerPortal = BE2A96EE2E52958500736A63 /* Project object */;
			proxyType = 1;
			remoteGlobalIDString = BE026FAB2E7F618400ADB5D0;
			remoteInfo = "quickMemoWatch Watch App";
		};
		BE2A97042E52958600736A63 /* PBXContainerItemProxy */ = {
			isa = PBXContainerItemProxy;
			containerPortal = BE2A96EE2E52958500736A63 /* Project object */;
			proxyType = 1;
			remoteGlobalIDString = BE2A96F52E52958500736A63;
			remoteInfo = quickMemoApp;
		};
		BE2A970E2E52958600736A63 /* PBXContainerItemProxy */ = {
			isa = PBXContainerItemProxy;
			containerPortal = BE2A96EE2E52958500736A63 /* Project object */;
			proxyType = 1;
			remoteGlobalIDString = BE2A96F52E52958500736A63;
			remoteInfo = quickMemoApp;
		};
		BE37DEE12E75A03100343AF8 /* PBXContainerItemProxy */ = {
			isa = PBXContainerItemProxy;
			containerPortal = BE2A96EE2E52958500736A63 /* Project object */;
			proxyType = 1;
			remoteGlobalIDString = BE37DECC2E75A03000343AF8;
			remoteInfo = quickMemoWidgetExtension;
		};
/* End PBXContainerItemProxy section */

/* Begin PBXCopyFilesBuildPhase section */
		BE026FD02E7F618500ADB5D0 /* Embed Watch Content */ = {
			isa = PBXCopyFilesBuildPhase;
			buildActionMask = 2147483647;
			dstPath = "$(CONTENTS_FOLDER_PATH)/Watch";
			dstSubfolderSpec = 16;
			files = (
				BE026FCC2E7F618500ADB5D0 /* quickMemoWatch Watch App.app in Embed Watch Content */,
			);
			name = "Embed Watch Content";
			runOnlyForDeploymentPostprocessing = 0;
		};
		BE37DEE82E75A03100343AF8 /* Embed Foundation Extensions */ = {
			isa = PBXCopyFilesBuildPhase;
			buildActionMask = 2147483647;
			dstPath = "";
			dstSubfolderSpec = 13;
			files = (
				BE37DEE32E75A03100343AF8 /* quickMemoWidgetExtension.appex in Embed Foundation Extensions */,
			);
			name = "Embed Foundation Extensions";
			runOnlyForDeploymentPostprocessing = 0;
		};
/* End PBXCopyFilesBuildPhase section */

/* Begin PBXFileReference section */
		BE026D8C2E7EAA3200ADB5D0 /* Configuration.storekit */ = {isa = PBXFileReference; lastKnownFileType = text; path = Configuration.storekit; sourceTree = "<group>"; };
		BE026D8E2E7EAA4900ADB5D0 /* PurchaseManager.swift */ = {isa = PBXFileReference; lastKnownFileType = sourcecode.swift; path = PurchaseManager.swift; sourceTree = "<group>"; };
		BE026D902E7EAA6200ADB5D0 /* PurchaseView.swift */ = {isa = PBXFileReference; lastKnownFileType = sourcecode.swift; path = PurchaseView.swift; sourceTree = "<group>"; };
		BE026D922E7EAAEB00ADB5D0 /* ProFeatureViews.swift */ = {isa = PBXFileReference; lastKnownFileType = sourcecode.swift; path = ProFeatureViews.swift; sourceTree = "<group>"; };
		BE026FAC2E7F618400ADB5D0 /* quickMemoWatch Watch App.app */ = {isa = PBXFileReference; explicitFileType = wrapper.application; includeInIndex = 0; path = "quickMemoWatch Watch App.app"; sourceTree = BUILT_PRODUCTS_DIR; };
		BE026FB82E7F618500ADB5D0 /* quickMemoWatch Watch AppTests.xctest */ = {isa = PBXFileReference; explicitFileType = wrapper.cfbundle; includeInIndex = 0; path = "quickMemoWatch Watch AppTests.xctest"; sourceTree = BUILT_PRODUCTS_DIR; };
		BE026FC22E7F618500ADB5D0 /* quickMemoWatch Watch AppUITests.xctest */ = {isa = PBXFileReference; explicitFileType = wrapper.cfbundle; includeInIndex = 0; path = "quickMemoWatch Watch AppUITests.xctest"; sourceTree = BUILT_PRODUCTS_DIR; };
		BE2A96F62E52958500736A63 /* quickMemoApp.app */ = {isa = PBXFileReference; explicitFileType = wrapper.application; includeInIndex = 0; path = quickMemoApp.app; sourceTree = BUILT_PRODUCTS_DIR; };
		BE2A97032E52958600736A63 /* quickMemoAppTests.xctest */ = {isa = PBXFileReference; explicitFileType = wrapper.cfbundle; includeInIndex = 0; path = quickMemoAppTests.xctest; sourceTree = BUILT_PRODUCTS_DIR; };
		BE2A970D2E52958600736A63 /* quickMemoAppUITests.xctest */ = {isa = PBXFileReference; explicitFileType = wrapper.cfbundle; includeInIndex = 0; path = quickMemoAppUITests.xctest; sourceTree = BUILT_PRODUCTS_DIR; };
		BE37DECD2E75A03000343AF8 /* quickMemoWidgetExtension.appex */ = {isa = PBXFileReference; explicitFileType = "wrapper.app-extension"; includeInIndex = 0; path = quickMemoWidgetExtension.appex; sourceTree = BUILT_PRODUCTS_DIR; };
		BE37DECF2E75A03000343AF8 /* WidgetKit.framework */ = {isa = PBXFileReference; lastKnownFileType = wrapper.framework; name = WidgetKit.framework; path = System/Library/Frameworks/WidgetKit.framework; sourceTree = SDKROOT; };
		BE37DED12E75A03000343AF8 /* SwiftUI.framework */ = {isa = PBXFileReference; lastKnownFileType = wrapper.framework; name = SwiftUI.framework; path = System/Library/Frameworks/SwiftUI.framework; sourceTree = SDKROOT; };
/* End PBXFileReference section */

/* Begin PBXFileSystemSynchronizedBuildFileExceptionSet section */
		BE37DEE42E75A03100343AF8 /* Exceptions for "quickMemoWidget" folder in "quickMemoWidgetExtension" target */ = {
			isa = PBXFileSystemSynchronizedBuildFileExceptionSet;
			membershipExceptions = (
				Info.plist,
			);
			target = BE37DECC2E75A03000343AF8 /* quickMemoWidgetExtension */;
		};
/* End PBXFileSystemSynchronizedBuildFileExceptionSet section */

/* Begin PBXFileSystemSynchronizedRootGroup section */
		BE026FAD2E7F618400ADB5D0 /* quickMemoWatch Watch App */ = {
			isa = PBXFileSystemSynchronizedRootGroup;
			path = "quickMemoWatch Watch App";
			sourceTree = "<group>";
		};
		BE026FBB2E7F618500ADB5D0 /* quickMemoWatch Watch AppTests */ = {
			isa = PBXFileSystemSynchronizedRootGroup;
			path = "quickMemoWatch Watch AppTests";
			sourceTree = "<group>";
		};
		BE026FC52E7F618500ADB5D0 /* quickMemoWatch Watch AppUITests */ = {
			isa = PBXFileSystemSynchronizedRootGroup;
			path = "quickMemoWatch Watch AppUITests";
			sourceTree = "<group>";
		};
		BE2A96F82E52958500736A63 /* quickMemoApp */ = {
			isa = PBXFileSystemSynchronizedRootGroup;
			path = quickMemoApp;
			sourceTree = "<group>";
		};
		BE2A97062E52958600736A63 /* quickMemoAppTests */ = {
			isa = PBXFileSystemSynchronizedRootGroup;
			path = quickMemoAppTests;
			sourceTree = "<group>";
		};
		BE2A97102E52958600736A63 /* quickMemoAppUITests */ = {
			isa = PBXFileSystemSynchronizedRootGroup;
			path = quickMemoAppUITests;
			sourceTree = "<group>";
		};
		BE37DED32E75A03000343AF8 /* quickMemoWidget */ = {
			isa = PBXFileSystemSynchronizedRootGroup;
			exceptions = (
				BE37DEE42E75A03100343AF8 /* Exceptions for "quickMemoWidget" folder in "quickMemoWidgetExtension" target */,
			);
			path = quickMemoWidget;
			sourceTree = "<group>";
		};
/* End PBXFileSystemSynchronizedRootGroup section */

/* Begin PBXFrameworksBuildPhase section */
		BE026FA92E7F618400ADB5D0 /* Frameworks */ = {
			isa = PBXFrameworksBuildPhase;
			buildActionMask = 2147483647;
			files = (
			);
			runOnlyForDeploymentPostprocessing = 0;
		};
		BE026FB52E7F618500ADB5D0 /* Frameworks */ = {
			isa = PBXFrameworksBuildPhase;
			buildActionMask = 2147483647;
			files = (
			);
			runOnlyForDeploymentPostprocessing = 0;
		};
		BE026FBF2E7F618500ADB5D0 /* Frameworks */ = {
			isa = PBXFrameworksBuildPhase;
			buildActionMask = 2147483647;
			files = (
			);
			runOnlyForDeploymentPostprocessing = 0;
		};
		BE2A96F32E52958500736A63 /* Frameworks */ = {
			isa = PBXFrameworksBuildPhase;
			buildActionMask = 2147483647;
			files = (
			);
			runOnlyForDeploymentPostprocessing = 0;
		};
		BE2A97002E52958600736A63 /* Frameworks */ = {
			isa = PBXFrameworksBuildPhase;
			buildActionMask = 2147483647;
			files = (
			);
			runOnlyForDeploymentPostprocessing = 0;
		};
		BE2A970A2E52958600736A63 /* Frameworks */ = {
			isa = PBXFrameworksBuildPhase;
			buildActionMask = 2147483647;
			files = (
			);
			runOnlyForDeploymentPostprocessing = 0;
		};
		BE37DECA2E75A03000343AF8 /* Frameworks */ = {
			isa = PBXFrameworksBuildPhase;
			buildActionMask = 2147483647;
			files = (
				BE37DED22E75A03000343AF8 /* SwiftUI.framework in Frameworks */,
				BE37DED02E75A03000343AF8 /* WidgetKit.framework in Frameworks */,
			);
			runOnlyForDeploymentPostprocessing = 0;
		};
/* End PBXFrameworksBuildPhase section */

/* Begin PBXGroup section */
		BE2A96ED2E52958500736A63 = {
			isa = PBXGroup;
			children = (
				BE2A96F82E52958500736A63 /* quickMemoApp */,
				BE2A97062E52958600736A63 /* quickMemoAppTests */,
				BE2A97102E52958600736A63 /* quickMemoAppUITests */,
				BE37DED32E75A03000343AF8 /* quickMemoWidget */,
				BE026FAD2E7F618400ADB5D0 /* quickMemoWatch Watch App */,
				BE026FBB2E7F618500ADB5D0 /* quickMemoWatch Watch AppTests */,
				BE026FC52E7F618500ADB5D0 /* quickMemoWatch Watch AppUITests */,
				BE37DECE2E75A03000343AF8 /* Frameworks */,
				BE2A96F72E52958500736A63 /* Products */,
				BE026D8C2E7EAA3200ADB5D0 /* Configuration.storekit */,
				BE026D8E2E7EAA4900ADB5D0 /* PurchaseManager.swift */,
				BE026D902E7EAA6200ADB5D0 /* PurchaseView.swift */,
				BE026D922E7EAAEB00ADB5D0 /* ProFeatureViews.swift */,
			);
			sourceTree = "<group>";
		};
		BE2A96F72E52958500736A63 /* Products */ = {
			isa = PBXGroup;
			children = (
				BE2A96F62E52958500736A63 /* quickMemoApp.app */,
				BE2A97032E52958600736A63 /* quickMemoAppTests.xctest */,
				BE2A970D2E52958600736A63 /* quickMemoAppUITests.xctest */,
				BE37DECD2E75A03000343AF8 /* quickMemoWidgetExtension.appex */,
				BE026FAC2E7F618400ADB5D0 /* quickMemoWatch Watch App.app */,
				BE026FB82E7F618500ADB5D0 /* quickMemoWatch Watch AppTests.xctest */,
				BE026FC22E7F618500ADB5D0 /* quickMemoWatch Watch AppUITests.xctest */,
			);
			name = Products;
			sourceTree = "<group>";
		};
		BE37DECE2E75A03000343AF8 /* Frameworks */ = {
			isa = PBXGroup;
			children = (
				BE37DECF2E75A03000343AF8 /* WidgetKit.framework */,
				BE37DED12E75A03000343AF8 /* SwiftUI.framework */,
			);
			name = Frameworks;
			sourceTree = "<group>";
		};
/* End PBXGroup section */

/* Begin PBXNativeTarget section */
		BE026FAB2E7F618400ADB5D0 /* quickMemoWatch Watch App */ = {
			isa = PBXNativeTarget;
			buildConfigurationList = BE026FCD2E7F618500ADB5D0 /* Build configuration list for PBXNativeTarget "quickMemoWatch Watch App" */;
			buildPhases = (
				BE026FA82E7F618400ADB5D0 /* Sources */,
				BE026FA92E7F618400ADB5D0 /* Frameworks */,
				BE026FAA2E7F618400ADB5D0 /* Resources */,
			);
			buildRules = (
			);
			dependencies = (
			);
			fileSystemSynchronizedGroups = (
				BE026FAD2E7F618400ADB5D0 /* quickMemoWatch Watch App */,
			);
			name = "quickMemoWatch Watch App";
			packageProductDependencies = (
			);
			productName = "quickMemoWatch Watch App";
			productReference = BE026FAC2E7F618400ADB5D0 /* quickMemoWatch Watch App.app */;
			productType = "com.apple.product-type.application";
		};
		BE026FB72E7F618500ADB5D0 /* quickMemoWatch Watch AppTests */ = {
			isa = PBXNativeTarget;
			buildConfigurationList = BE026FD12E7F618500ADB5D0 /* Build configuration list for PBXNativeTarget "quickMemoWatch Watch AppTests" */;
			buildPhases = (
				BE026FB42E7F618500ADB5D0 /* Sources */,
				BE026FB52E7F618500ADB5D0 /* Frameworks */,
				BE026FB62E7F618500ADB5D0 /* Resources */,
			);
			buildRules = (
			);
			dependencies = (
				BE026FBA2E7F618500ADB5D0 /* PBXTargetDependency */,
			);
			fileSystemSynchronizedGroups = (
				BE026FBB2E7F618500ADB5D0 /* quickMemoWatch Watch AppTests */,
			);
			name = "quickMemoWatch Watch AppTests";
			packageProductDependencies = (
			);
			productName = "quickMemoWatch Watch AppTests";
			productReference = BE026FB82E7F618500ADB5D0 /* quickMemoWatch Watch AppTests.xctest */;
			productType = "com.apple.product-type.bundle.unit-test";
		};
		BE026FC12E7F618500ADB5D0 /* quickMemoWatch Watch AppUITests */ = {
			isa = PBXNativeTarget;
			buildConfigurationList = BE026FD42E7F618500ADB5D0 /* Build configuration list for PBXNativeTarget "quickMemoWatch Watch AppUITests" */;
			buildPhases = (
				BE026FBE2E7F618500ADB5D0 /* Sources */,
				BE026FBF2E7F618500ADB5D0 /* Frameworks */,
				BE026FC02E7F618500ADB5D0 /* Resources */,
			);
			buildRules = (
			);
			dependencies = (
				BE026FC42E7F618500ADB5D0 /* PBXTargetDependency */,
			);
			fileSystemSynchronizedGroups = (
				BE026FC52E7F618500ADB5D0 /* quickMemoWatch Watch AppUITests */,
			);
			name = "quickMemoWatch Watch AppUITests";
			packageProductDependencies = (
			);
			productName = "quickMemoWatch Watch AppUITests";
			productReference = BE026FC22E7F618500ADB5D0 /* quickMemoWatch Watch AppUITests.xctest */;
			productType = "com.apple.product-type.bundle.ui-testing";
		};
		BE2A96F52E52958500736A63 /* quickMemoApp */ = {
			isa = PBXNativeTarget;
			buildConfigurationList = BE2A97172E52958600736A63 /* Build configuration list for PBXNativeTarget "quickMemoApp" */;
			buildPhases = (
				BE2A96F22E52958500736A63 /* Sources */,
				BE2A96F32E52958500736A63 /* Frameworks */,
				BE2A96F42E52958500736A63 /* Resources */,
				BE37DEE82E75A03100343AF8 /* Embed Foundation Extensions */,
				BE026FD02E7F618500ADB5D0 /* Embed Watch Content */,
			);
			buildRules = (
			);
			dependencies = (
				BE37DEE22E75A03100343AF8 /* PBXTargetDependency */,
				BE026FCB2E7F618500ADB5D0 /* PBXTargetDependency */,
			);
			fileSystemSynchronizedGroups = (
				BE2A96F82E52958500736A63 /* quickMemoApp */,
			);
			name = quickMemoApp;
			packageProductDependencies = (
			);
			productName = quickMemoApp;
			productReference = BE2A96F62E52958500736A63 /* quickMemoApp.app */;
			productType = "com.apple.product-type.application";
		};
		BE2A97022E52958600736A63 /* quickMemoAppTests */ = {
			isa = PBXNativeTarget;
			buildConfigurationList = BE2A971A2E52958600736A63 /* Build configuration list for PBXNativeTarget "quickMemoAppTests" */;
			buildPhases = (
				BE2A96FF2E52958600736A63 /* Sources */,
				BE2A97002E52958600736A63 /* Frameworks */,
				BE2A97012E52958600736A63 /* Resources */,
			);
			buildRules = (
			);
			dependencies = (
				BE2A97052E52958600736A63 /* PBXTargetDependency */,
			);
			fileSystemSynchronizedGroups = (
				BE2A97062E52958600736A63 /* quickMemoAppTests */,
			);
			name = quickMemoAppTests;
			packageProductDependencies = (
			);
			productName = quickMemoAppTests;
			productReference = BE2A97032E52958600736A63 /* quickMemoAppTests.xctest */;
			productType = "com.apple.product-type.bundle.unit-test";
		};
		BE2A970C2E52958600736A63 /* quickMemoAppUITests */ = {
			isa = PBXNativeTarget;
			buildConfigurationList = BE2A971D2E52958600736A63 /* Build configuration list for PBXNativeTarget "quickMemoAppUITests" */;
			buildPhases = (
				BE2A97092E52958600736A63 /* Sources */,
				BE2A970A2E52958600736A63 /* Frameworks */,
				BE2A970B2E52958600736A63 /* Resources */,
			);
			buildRules = (
			);
			dependencies = (
				BE2A970F2E52958600736A63 /* PBXTargetDependency */,
			);
			fileSystemSynchronizedGroups = (
				BE2A97102E52958600736A63 /* quickMemoAppUITests */,
			);
			name = quickMemoAppUITests;
			packageProductDependencies = (
			);
			productName = quickMemoAppUITests;
			productReference = BE2A970D2E52958600736A63 /* quickMemoAppUITests.xctest */;
			productType = "com.apple.product-type.bundle.ui-testing";
		};
		BE37DECC2E75A03000343AF8 /* quickMemoWidgetExtension */ = {
			isa = PBXNativeTarget;
			buildConfigurationList = BE37DEE52E75A03100343AF8 /* Build configuration list for PBXNativeTarget "quickMemoWidgetExtension" */;
			buildPhases = (
				BE37DEC92E75A03000343AF8 /* Sources */,
				BE37DECA2E75A03000343AF8 /* Frameworks */,
				BE37DECB2E75A03000343AF8 /* Resources */,
			);
			buildRules = (
			);
			dependencies = (
			);
			fileSystemSynchronizedGroups = (
				BE37DED32E75A03000343AF8 /* quickMemoWidget */,
			);
			name = quickMemoWidgetExtension;
			packageProductDependencies = (
			);
			productName = quickMemoWidgetExtension;
			productReference = BE37DECD2E75A03000343AF8 /* quickMemoWidgetExtension.appex */;
			productType = "com.apple.product-type.app-extension";
		};
/* End PBXNativeTarget section */

/* Begin PBXProject section */
		BE2A96EE2E52958500736A63 /* Project object */ = {
			isa = PBXProject;
			attributes = {
				BuildIndependentTargetsInParallel = 1;
				LastSwiftUpdateCheck = 2600;
				LastUpgradeCheck = 1640;
				TargetAttributes = {
					BE026FAB2E7F618400ADB5D0 = {
						CreatedOnToolsVersion = 26.0;
					};
					BE026FB72E7F618500ADB5D0 = {
						CreatedOnToolsVersion = 26.0;
						TestTargetID = BE026FAB2E7F618400ADB5D0;
					};
					BE026FC12E7F618500ADB5D0 = {
						CreatedOnToolsVersion = 26.0;
						TestTargetID = BE026FAB2E7F618400ADB5D0;
					};
					BE2A96F52E52958500736A63 = {
						CreatedOnToolsVersion = 16.4;
					};
					BE2A97022E52958600736A63 = {
						CreatedOnToolsVersion = 16.4;
						TestTargetID = BE2A96F52E52958500736A63;
					};
					BE2A970C2E52958600736A63 = {
						CreatedOnToolsVersion = 16.4;
						TestTargetID = BE2A96F52E52958500736A63;
					};
					BE37DECC2E75A03000343AF8 = {
						CreatedOnToolsVersion = 16.4;
					};
				};
			};
			buildConfigurationList = BE2A96F12E52958500736A63 /* Build configuration list for PBXProject "quickMemoApp" */;
			developmentRegion = en;
			hasScannedForEncodings = 0;
			knownRegions = (
				en,
				Base,
				"zh-Hans",
			);
			mainGroup = BE2A96ED2E52958500736A63;
			minimizedProjectReferenceProxies = 1;
			preferredProjectObjectVersion = 77;
			productRefGroup = BE2A96F72E52958500736A63 /* Products */;
			projectDirPath = "";
			projectRoot = "";
			targets = (
				BE2A96F52E52958500736A63 /* quickMemoApp */,
				BE2A97022E52958600736A63 /* quickMemoAppTests */,
				BE2A970C2E52958600736A63 /* quickMemoAppUITests */,
				BE37DECC2E75A03000343AF8 /* quickMemoWidgetExtension */,
				BE026FAB2E7F618400ADB5D0 /* quickMemoWatch Watch App */,
				BE026FB72E7F618500ADB5D0 /* quickMemoWatch Watch AppTests */,
				BE026FC12E7F618500ADB5D0 /* quickMemoWatch Watch AppUITests */,
			);
		};
/* End PBXProject section */

/* Begin PBXResourcesBuildPhase section */
		BE026FAA2E7F618400ADB5D0 /* Resources */ = {
			isa = PBXResourcesBuildPhase;
			buildActionMask = 2147483647;
			files = (
			);
			runOnlyForDeploymentPostprocessing = 0;
		};
		BE026FB62E7F618500ADB5D0 /* Resources */ = {
			isa = PBXResourcesBuildPhase;
			buildActionMask = 2147483647;
			files = (
			);
			runOnlyForDeploymentPostprocessing = 0;
		};
		BE026FC02E7F618500ADB5D0 /* Resources */ = {
			isa = PBXResourcesBuildPhase;
			buildActionMask = 2147483647;
			files = (
			);
			runOnlyForDeploymentPostprocessing = 0;
		};
		BE2A96F42E52958500736A63 /* Resources */ = {
			isa = PBXResourcesBuildPhase;
			buildActionMask = 2147483647;
			files = (
				BE026D8D2E7EAA3200ADB5D0 /* Configuration.storekit in Resources */,
			);
			runOnlyForDeploymentPostprocessing = 0;
		};
		BE2A97012E52958600736A63 /* Resources */ = {
			isa = PBXResourcesBuildPhase;
			buildActionMask = 2147483647;
			files = (
			);
			runOnlyForDeploymentPostprocessing = 0;
		};
		BE2A970B2E52958600736A63 /* Resources */ = {
			isa = PBXResourcesBuildPhase;
			buildActionMask = 2147483647;
			files = (
			);
			runOnlyForDeploymentPostprocessing = 0;
		};
		BE37DECB2E75A03000343AF8 /* Resources */ = {
			isa = PBXResourcesBuildPhase;
			buildActionMask = 2147483647;
			files = (
			);
			runOnlyForDeploymentPostprocessing = 0;
		};
/* End PBXResourcesBuildPhase section */

/* Begin PBXSourcesBuildPhase section */
		BE026FA82E7F618400ADB5D0 /* Sources */ = {
			isa = PBXSourcesBuildPhase;
			buildActionMask = 2147483647;
			files = (
			);
			runOnlyForDeploymentPostprocessing = 0;
		};
		BE026FB42E7F618500ADB5D0 /* Sources */ = {
			isa = PBXSourcesBuildPhase;
			buildActionMask = 2147483647;
			files = (
			);
			runOnlyForDeploymentPostprocessing = 0;
		};
		BE026FBE2E7F618500ADB5D0 /* Sources */ = {
			isa = PBXSourcesBuildPhase;
			buildActionMask = 2147483647;
			files = (
			);
			runOnlyForDeploymentPostprocessing = 0;
		};
		BE2A96F22E52958500736A63 /* Sources */ = {
			isa = PBXSourcesBuildPhase;
			buildActionMask = 2147483647;
			files = (
				BE026D912E7EAA6200ADB5D0 /* PurchaseView.swift in Sources */,
				BE026D8F2E7EAA4900ADB5D0 /* PurchaseManager.swift in Sources */,
				BE026D932E7EAAEB00ADB5D0 /* ProFeatureViews.swift in Sources */,
			);
			runOnlyForDeploymentPostprocessing = 0;
		};
		BE2A96FF2E52958600736A63 /* Sources */ = {
			isa = PBXSourcesBuildPhase;
			buildActionMask = 2147483647;
			files = (
			);
			runOnlyForDeploymentPostprocessing = 0;
		};
		BE2A97092E52958600736A63 /* Sources */ = {
			isa = PBXSourcesBuildPhase;
			buildActionMask = 2147483647;
			files = (
			);
			runOnlyForDeploymentPostprocessing = 0;
		};
		BE37DEC92E75A03000343AF8 /* Sources */ = {
			isa = PBXSourcesBuildPhase;
			buildActionMask = 2147483647;
			files = (
			);
			runOnlyForDeploymentPostprocessing = 0;
		};
/* End PBXSourcesBuildPhase section */

/* Begin PBXTargetDependency section */
		BE026FBA2E7F618500ADB5D0 /* PBXTargetDependency */ = {
			isa = PBXTargetDependency;
			target = BE026FAB2E7F618400ADB5D0 /* quickMemoWatch Watch App */;
			targetProxy = BE026FB92E7F618500ADB5D0 /* PBXContainerItemProxy */;
		};
		BE026FC42E7F618500ADB5D0 /* PBXTargetDependency */ = {
			isa = PBXTargetDependency;
			target = BE026FAB2E7F618400ADB5D0 /* quickMemoWatch Watch App */;
			targetProxy = BE026FC32E7F618500ADB5D0 /* PBXContainerItemProxy */;
		};
		BE026FCB2E7F618500ADB5D0 /* PBXTargetDependency */ = {
			isa = PBXTargetDependency;
			target = BE026FAB2E7F618400ADB5D0 /* quickMemoWatch Watch App */;
			targetProxy = BE026FCA2E7F618500ADB5D0 /* PBXContainerItemProxy */;
		};
		BE2A97052E52958600736A63 /* PBXTargetDependency */ = {
			isa = PBXTargetDependency;
			target = BE2A96F52E52958500736A63 /* quickMemoApp */;
			targetProxy = BE2A97042E52958600736A63 /* PBXContainerItemProxy */;
		};
		BE2A970F2E52958600736A63 /* PBXTargetDependency */ = {
			isa = PBXTargetDependency;
			target = BE2A96F52E52958500736A63 /* quickMemoApp */;
			targetProxy = BE2A970E2E52958600736A63 /* PBXContainerItemProxy */;
		};
		BE37DEE22E75A03100343AF8 /* PBXTargetDependency */ = {
			isa = PBXTargetDependency;
			target = BE37DECC2E75A03000343AF8 /* quickMemoWidgetExtension */;
			targetProxy = BE37DEE12E75A03100343AF8 /* PBXContainerItemProxy */;
		};
/* End PBXTargetDependency section */

/* Begin XCBuildConfiguration section */
		BE026FCE2E7F618500ADB5D0 /* Debug */ = {
			isa = XCBuildConfiguration;
			buildSettings = {
				ASSETCATALOG_COMPILER_APPICON_NAME = AppIcon;
				ASSETCATALOG_COMPILER_GLOBAL_ACCENT_COLOR_NAME = AccentColor;
				CODE_SIGN_STYLE = Automatic;
				CURRENT_PROJECT_VERSION = 1;
				DEVELOPMENT_TEAM = MFQB3583D6;
				ENABLE_PREVIEWS = YES;
				GENERATE_INFOPLIST_FILE = YES;
				INFOPLIST_KEY_CFBundleDisplayName = quickMemoWatch;
				INFOPLIST_KEY_UISupportedInterfaceOrientations = "UIInterfaceOrientationPortrait UIInterfaceOrientationPortraitUpsideDown";
				INFOPLIST_KEY_WKCompanionAppBundleIdentifier = yokAppDev.quickMemoApp;
				LD_RUNPATH_SEARCH_PATHS = (
					"$(inherited)",
					"@executable_path/Frameworks",
				);
				MARKETING_VERSION = 1.0;
				PRODUCT_BUNDLE_IDENTIFIER = yokAppDev.quickMemoApp.watchkitapp;
				PRODUCT_NAME = "$(TARGET_NAME)";
				SDKROOT = watchos;
				SKIP_INSTALL = YES;
				STRING_CATALOG_GENERATE_SYMBOLS = YES;
				SWIFT_APPROACHABLE_CONCURRENCY = YES;
				SWIFT_DEFAULT_ACTOR_ISOLATION = MainActor;
				SWIFT_EMIT_LOC_STRINGS = YES;
				SWIFT_UPCOMING_FEATURE_MEMBER_IMPORT_VISIBILITY = YES;
				SWIFT_VERSION = 5.0;
				TARGETED_DEVICE_FAMILY = 4;
				WATCHOS_DEPLOYMENT_TARGET = 11.0;
			};
			name = Debug;
		};
		BE026FCF2E7F618500ADB5D0 /* Release */ = {
			isa = XCBuildConfiguration;
			buildSettings = {
				ASSETCATALOG_COMPILER_APPICON_NAME = AppIcon;
				ASSETCATALOG_COMPILER_GLOBAL_ACCENT_COLOR_NAME = AccentColor;
				CODE_SIGN_STYLE = Automatic;
				CURRENT_PROJECT_VERSION = 1;
				DEVELOPMENT_TEAM = MFQB3583D6;
				ENABLE_PREVIEWS = YES;
				GENERATE_INFOPLIST_FILE = YES;
				INFOPLIST_KEY_CFBundleDisplayName = quickMemoWatch;
				INFOPLIST_KEY_UISupportedInterfaceOrientations = "UIInterfaceOrientationPortrait UIInterfaceOrientationPortraitUpsideDown";
				INFOPLIST_KEY_WKCompanionAppBundleIdentifier = yokAppDev.quickMemoApp;
				LD_RUNPATH_SEARCH_PATHS = (
					"$(inherited)",
					"@executable_path/Frameworks",
				);
				MARKETING_VERSION = 1.0;
				PRODUCT_BUNDLE_IDENTIFIER = yokAppDev.quickMemoApp.watchkitapp;
				PRODUCT_NAME = "$(TARGET_NAME)";
				SDKROOT = watchos;
				SKIP_INSTALL = YES;
				STRING_CATALOG_GENERATE_SYMBOLS = YES;
				SWIFT_APPROACHABLE_CONCURRENCY = YES;
				SWIFT_DEFAULT_ACTOR_ISOLATION = MainActor;
				SWIFT_EMIT_LOC_STRINGS = YES;
				SWIFT_UPCOMING_FEATURE_MEMBER_IMPORT_VISIBILITY = YES;
				SWIFT_VERSION = 5.0;
				TARGETED_DEVICE_FAMILY = 4;
				WATCHOS_DEPLOYMENT_TARGET = 11.0;
			};
			name = Release;
		};
		BE026FD22E7F618500ADB5D0 /* Debug */ = {
			isa = XCBuildConfiguration;
			buildSettings = {
				BUNDLE_LOADER = "$(TEST_HOST)";
				CODE_SIGN_STYLE = Automatic;
				CURRENT_PROJECT_VERSION = 1;
				DEVELOPMENT_TEAM = MFQB3583D6;
				GENERATE_INFOPLIST_FILE = YES;
				MARKETING_VERSION = 1.0;
				PRODUCT_BUNDLE_IDENTIFIER = "yokAppDev.quickMemoWatch-Watch-AppTests";
				PRODUCT_NAME = "$(TARGET_NAME)";
				SDKROOT = watchos;
				STRING_CATALOG_GENERATE_SYMBOLS = NO;
				SWIFT_APPROACHABLE_CONCURRENCY = YES;
				SWIFT_EMIT_LOC_STRINGS = NO;
				SWIFT_UPCOMING_FEATURE_MEMBER_IMPORT_VISIBILITY = YES;
				SWIFT_VERSION = 5.0;
				TARGETED_DEVICE_FAMILY = 4;
				TEST_HOST = "$(BUILT_PRODUCTS_DIR)/quickMemoWatch Watch App.app/$(BUNDLE_EXECUTABLE_FOLDER_PATH)/quickMemoWatch Watch App";
				WATCHOS_DEPLOYMENT_TARGET = 11.0;
			};
			name = Debug;
		};
		BE026FD32E7F618500ADB5D0 /* Release */ = {
			isa = XCBuildConfiguration;
			buildSettings = {
				BUNDLE_LOADER = "$(TEST_HOST)";
				CODE_SIGN_STYLE = Automatic;
				CURRENT_PROJECT_VERSION = 1;
				DEVELOPMENT_TEAM = MFQB3583D6;
				GENERATE_INFOPLIST_FILE = YES;
				MARKETING_VERSION = 1.0;
				PRODUCT_BUNDLE_IDENTIFIER = "yokAppDev.quickMemoWatch-Watch-AppTests";
				PRODUCT_NAME = "$(TARGET_NAME)";
				SDKROOT = watchos;
				STRING_CATALOG_GENERATE_SYMBOLS = NO;
				SWIFT_APPROACHABLE_CONCURRENCY = YES;
				SWIFT_EMIT_LOC_STRINGS = NO;
				SWIFT_UPCOMING_FEATURE_MEMBER_IMPORT_VISIBILITY = YES;
				SWIFT_VERSION = 5.0;
				TARGETED_DEVICE_FAMILY = 4;
				TEST_HOST = "$(BUILT_PRODUCTS_DIR)/quickMemoWatch Watch App.app/$(BUNDLE_EXECUTABLE_FOLDER_PATH)/quickMemoWatch Watch App";
				WATCHOS_DEPLOYMENT_TARGET = 11.0;
			};
			name = Release;
		};
		BE026FD52E7F618500ADB5D0 /* Debug */ = {
			isa = XCBuildConfiguration;
			buildSettings = {
				CODE_SIGN_STYLE = Automatic;
				CURRENT_PROJECT_VERSION = 1;
				DEVELOPMENT_TEAM = MFQB3583D6;
				GENERATE_INFOPLIST_FILE = YES;
				MARKETING_VERSION = 1.0;
				PRODUCT_BUNDLE_IDENTIFIER = "yokAppDev.quickMemoWatch-Watch-AppUITests";
				PRODUCT_NAME = "$(TARGET_NAME)";
				SDKROOT = watchos;
				STRING_CATALOG_GENERATE_SYMBOLS = NO;
				SWIFT_APPROACHABLE_CONCURRENCY = YES;
				SWIFT_EMIT_LOC_STRINGS = NO;
				SWIFT_UPCOMING_FEATURE_MEMBER_IMPORT_VISIBILITY = YES;
				SWIFT_VERSION = 5.0;
				TARGETED_DEVICE_FAMILY = 4;
				TEST_TARGET_NAME = "quickMemoWatch Watch App";
				WATCHOS_DEPLOYMENT_TARGET = 11.0;
			};
			name = Debug;
		};
		BE026FD62E7F618500ADB5D0 /* Release */ = {
			isa = XCBuildConfiguration;
			buildSettings = {
				CODE_SIGN_STYLE = Automatic;
				CURRENT_PROJECT_VERSION = 1;
				DEVELOPMENT_TEAM = MFQB3583D6;
				GENERATE_INFOPLIST_FILE = YES;
				MARKETING_VERSION = 1.0;
				PRODUCT_BUNDLE_IDENTIFIER = "yokAppDev.quickMemoWatch-Watch-AppUITests";
				PRODUCT_NAME = "$(TARGET_NAME)";
				SDKROOT = watchos;
				STRING_CATALOG_GENERATE_SYMBOLS = NO;
				SWIFT_APPROACHABLE_CONCURRENCY = YES;
				SWIFT_EMIT_LOC_STRINGS = NO;
				SWIFT_UPCOMING_FEATURE_MEMBER_IMPORT_VISIBILITY = YES;
				SWIFT_VERSION = 5.0;
				TARGETED_DEVICE_FAMILY = 4;
				TEST_TARGET_NAME = "quickMemoWatch Watch App";
				WATCHOS_DEPLOYMENT_TARGET = 11.0;
			};
			name = Release;
		};
		BE2A97152E52958600736A63 /* Debug */ = {
			isa = XCBuildConfiguration;
			buildSettings = {
				ALWAYS_SEARCH_USER_PATHS = NO;
				ASSETCATALOG_COMPILER_GENERATE_SWIFT_ASSET_SYMBOL_EXTENSIONS = YES;
				CLANG_ANALYZER_NONNULL = YES;
				CLANG_ANALYZER_NUMBER_OBJECT_CONVERSION = YES_AGGRESSIVE;
				CLANG_CXX_LANGUAGE_STANDARD = "gnu++20";
				CLANG_ENABLE_MODULES = YES;
				CLANG_ENABLE_OBJC_ARC = YES;
				CLANG_ENABLE_OBJC_WEAK = YES;
				CLANG_WARN_BLOCK_CAPTURE_AUTORELEASING = YES;
				CLANG_WARN_BOOL_CONVERSION = YES;
				CLANG_WARN_COMMA = YES;
				CLANG_WARN_CONSTANT_CONVERSION = YES;
				CLANG_WARN_DEPRECATED_OBJC_IMPLEMENTATIONS = YES;
				CLANG_WARN_DIRECT_OBJC_ISA_USAGE = YES_ERROR;
				CLANG_WARN_DOCUMENTATION_COMMENTS = YES;
				CLANG_WARN_EMPTY_BODY = YES;
				CLANG_WARN_ENUM_CONVERSION = YES;
				CLANG_WARN_INFINITE_RECURSION = YES;
				CLANG_WARN_INT_CONVERSION = YES;
				CLANG_WARN_NON_LITERAL_NULL_CONVERSION = YES;
				CLANG_WARN_OBJC_IMPLICIT_RETAIN_SELF = YES;
				CLANG_WARN_OBJC_LITERAL_CONVERSION = YES;
				CLANG_WARN_OBJC_ROOT_CLASS = YES_ERROR;
				CLANG_WARN_QUOTED_INCLUDE_IN_FRAMEWORK_HEADER = YES;
				CLANG_WARN_RANGE_LOOP_ANALYSIS = YES;
				CLANG_WARN_STRICT_PROTOTYPES = YES;
				CLANG_WARN_SUSPICIOUS_MOVE = YES;
				CLANG_WARN_UNGUARDED_AVAILABILITY = YES_AGGRESSIVE;
				CLANG_WARN_UNREACHABLE_CODE = YES;
				CLANG_WARN__DUPLICATE_METHOD_MATCH = YES;
				COPY_PHASE_STRIP = NO;
				DEBUG_INFORMATION_FORMAT = dwarf;
				DEVELOPMENT_TEAM = MFQB3583D6;
				ENABLE_STRICT_OBJC_MSGSEND = YES;
				ENABLE_TESTABILITY = YES;
				ENABLE_USER_SCRIPT_SANDBOXING = YES;
				GCC_C_LANGUAGE_STANDARD = gnu17;
				GCC_DYNAMIC_NO_PIC = NO;
				GCC_NO_COMMON_BLOCKS = YES;
				GCC_OPTIMIZATION_LEVEL = 0;
				GCC_PREPROCESSOR_DEFINITIONS = (
					"DEBUG=1",
					"$(inherited)",
				);
				GCC_WARN_64_TO_32_BIT_CONVERSION = YES;
				GCC_WARN_ABOUT_RETURN_TYPE = YES_ERROR;
				GCC_WARN_UNDECLARED_SELECTOR = YES;
				GCC_WARN_UNINITIALIZED_AUTOS = YES_AGGRESSIVE;
				GCC_WARN_UNUSED_FUNCTION = YES;
				GCC_WARN_UNUSED_VARIABLE = YES;
				IPHONEOS_DEPLOYMENT_TARGET = 16.0;
				LOCALIZATION_PREFERS_STRING_CATALOGS = YES;
				MTL_ENABLE_DEBUG_INFO = INCLUDE_SOURCE;
				MTL_FAST_MATH = YES;
				ONLY_ACTIVE_ARCH = YES;
				SDKROOT = iphoneos;
				SWIFT_ACTIVE_COMPILATION_CONDITIONS = "DEBUG $(inherited)";
				SWIFT_OPTIMIZATION_LEVEL = "-Onone";
			};
			name = Debug;
		};
		BE2A97162E52958600736A63 /* Release */ = {
			isa = XCBuildConfiguration;
			buildSettings = {
				ALWAYS_SEARCH_USER_PATHS = NO;
				ASSETCATALOG_COMPILER_GENERATE_SWIFT_ASSET_SYMBOL_EXTENSIONS = YES;
				CLANG_ANALYZER_NONNULL = YES;
				CLANG_ANALYZER_NUMBER_OBJECT_CONVERSION = YES_AGGRESSIVE;
				CLANG_CXX_LANGUAGE_STANDARD = "gnu++20";
				CLANG_ENABLE_MODULES = YES;
				CLANG_ENABLE_OBJC_ARC = YES;
				CLANG_ENABLE_OBJC_WEAK = YES;
				CLANG_WARN_BLOCK_CAPTURE_AUTORELEASING = YES;
				CLANG_WARN_BOOL_CONVERSION = YES;
				CLANG_WARN_COMMA = YES;
				CLANG_WARN_CONSTANT_CONVERSION = YES;
				CLANG_WARN_DEPRECATED_OBJC_IMPLEMENTATIONS = YES;
				CLANG_WARN_DIRECT_OBJC_ISA_USAGE = YES_ERROR;
				CLANG_WARN_DOCUMENTATION_COMMENTS = YES;
				CLANG_WARN_EMPTY_BODY = YES;
				CLANG_WARN_ENUM_CONVERSION = YES;
				CLANG_WARN_INFINITE_RECURSION = YES;
				CLANG_WARN_INT_CONVERSION = YES;
				CLANG_WARN_NON_LITERAL_NULL_CONVERSION = YES;
				CLANG_WARN_OBJC_IMPLICIT_RETAIN_SELF = YES;
				CLANG_WARN_OBJC_LITERAL_CONVERSION = YES;
				CLANG_WARN_OBJC_ROOT_CLASS = YES_ERROR;
				CLANG_WARN_QUOTED_INCLUDE_IN_FRAMEWORK_HEADER = YES;
				CLANG_WARN_RANGE_LOOP_ANALYSIS = YES;
				CLANG_WARN_STRICT_PROTOTYPES = YES;
				CLANG_WARN_SUSPICIOUS_MOVE = YES;
				CLANG_WARN_UNGUARDED_AVAILABILITY = YES_AGGRESSIVE;
				CLANG_WARN_UNREACHABLE_CODE = YES;
				CLANG_WARN__DUPLICATE_METHOD_MATCH = YES;
				COPY_PHASE_STRIP = NO;
				DEBUG_INFORMATION_FORMAT = "dwarf-with-dsym";
				DEVELOPMENT_TEAM = MFQB3583D6;
				ENABLE_NS_ASSERTIONS = NO;
				ENABLE_STRICT_OBJC_MSGSEND = YES;
				ENABLE_USER_SCRIPT_SANDBOXING = YES;
				GCC_C_LANGUAGE_STANDARD = gnu17;
				GCC_NO_COMMON_BLOCKS = YES;
				GCC_WARN_64_TO_32_BIT_CONVERSION = YES;
				GCC_WARN_ABOUT_RETURN_TYPE = YES_ERROR;
				GCC_WARN_UNDECLARED_SELECTOR = YES;
				GCC_WARN_UNINITIALIZED_AUTOS = YES_AGGRESSIVE;
				GCC_WARN_UNUSED_FUNCTION = YES;
				GCC_WARN_UNUSED_VARIABLE = YES;
				IPHONEOS_DEPLOYMENT_TARGET = 16.0;
				LOCALIZATION_PREFERS_STRING_CATALOGS = YES;
				MTL_ENABLE_DEBUG_INFO = NO;
				MTL_FAST_MATH = YES;
				SDKROOT = iphoneos;
				SWIFT_COMPILATION_MODE = wholemodule;
				VALIDATE_PRODUCT = YES;
			};
			name = Release;
		};
		BE2A97182E52958600736A63 /* Debug */ = {
			isa = XCBuildConfiguration;
			buildSettings = {
				ASSETCATALOG_COMPILER_APPICON_NAME = AppIcon;
				ASSETCATALOG_COMPILER_GLOBAL_ACCENT_COLOR_NAME = AccentColor;
				CODE_SIGN_STYLE = Automatic;
				CURRENT_PROJECT_VERSION = 1;
				DEVELOPMENT_TEAM = MFQB3583D6;
				ENABLE_PREVIEWS = YES;
				ENABLE_RESOURCE_ACCESS_CALENDARS = YES;
				GENERATE_INFOPLIST_FILE = YES;
				INFOPLIST_KEY_NSCalendarsFullAccessUsageDescription = "QuickMemoはメモをカレンダーに保存し、時系列で管理するためにカレンダーへの完全なアクセスを必要とします。";
				INFOPLIST_KEY_NSCalendarsUsageDescription = "QuickMemoはメモをカレンダーに保存し、時系列で管理するためにカレンダーへのアクセスを必要とします。";
				INFOPLIST_KEY_NSUserNotificationsUsageDescription = "定期的にメモを書くことを思い出させるための通知を送信します。";
				INFOPLIST_KEY_UIApplicationSceneManifest_Generation = YES;
				INFOPLIST_KEY_UIApplicationSupportsIndirectInputEvents = YES;
				INFOPLIST_KEY_UILaunchScreen_Generation = YES;
				INFOPLIST_KEY_UISupportedInterfaceOrientations_iPad = "UIInterfaceOrientationPortrait UIInterfaceOrientationPortraitUpsideDown UIInterfaceOrientationLandscapeLeft UIInterfaceOrientationLandscapeRight";
				INFOPLIST_KEY_UISupportedInterfaceOrientations_iPhone = "UIInterfaceOrientationPortrait UIInterfaceOrientationLandscapeLeft UIInterfaceOrientationLandscapeRight";
				LD_RUNPATH_SEARCH_PATHS = (
					"$(inherited)",
					"@executable_path/Frameworks",
				);
				MARKETING_VERSION = 1.0;
				PRODUCT_BUNDLE_IDENTIFIER = yokAppDev.quickMemoApp;
				PRODUCT_NAME = "$(TARGET_NAME)";
				SWIFT_EMIT_LOC_STRINGS = YES;
				SWIFT_VERSION = 5.0;
				TARGETED_DEVICE_FAMILY = "1,2";
			};
			name = Debug;
		};
		BE2A97192E52958600736A63 /* Release */ = {
			isa = XCBuildConfiguration;
			buildSettings = {
				ASSETCATALOG_COMPILER_APPICON_NAME = AppIcon;
				ASSETCATALOG_COMPILER_GLOBAL_ACCENT_COLOR_NAME = AccentColor;
				CODE_SIGN_STYLE = Automatic;
				CURRENT_PROJECT_VERSION = 1;
				DEVELOPMENT_TEAM = MFQB3583D6;
				ENABLE_PREVIEWS = YES;
				ENABLE_RESOURCE_ACCESS_CALENDARS = YES;
				GENERATE_INFOPLIST_FILE = YES;
				INFOPLIST_KEY_NSCalendarsFullAccessUsageDescription = "QuickMemoはメモをカレンダーに保存し、時系列で管理するためにカレンダーへの完全なアクセスを必要とします。";
				INFOPLIST_KEY_NSCalendarsUsageDescription = "QuickMemoはメモをカレンダーに保存し、時系列で管理するためにカレンダーへのアクセスを必要とします。";
				INFOPLIST_KEY_NSUserNotificationsUsageDescription = "定期的にメモを書くことを思い出させるための通知を送信します。";
				INFOPLIST_KEY_UIApplicationSceneManifest_Generation = YES;
				INFOPLIST_KEY_UIApplicationSupportsIndirectInputEvents = YES;
				INFOPLIST_KEY_UILaunchScreen_Generation = YES;
				INFOPLIST_KEY_UISupportedInterfaceOrientations_iPad = "UIInterfaceOrientationPortrait UIInterfaceOrientationPortraitUpsideDown UIInterfaceOrientationLandscapeLeft UIInterfaceOrientationLandscapeRight";
				INFOPLIST_KEY_UISupportedInterfaceOrientations_iPhone = "UIInterfaceOrientationPortrait UIInterfaceOrientationLandscapeLeft UIInterfaceOrientationLandscapeRight";
				LD_RUNPATH_SEARCH_PATHS = (
					"$(inherited)",
					"@executable_path/Frameworks",
				);
				MARKETING_VERSION = 1.0;
				PRODUCT_BUNDLE_IDENTIFIER = yokAppDev.quickMemoApp;
				PRODUCT_NAME = "$(TARGET_NAME)";
				SWIFT_EMIT_LOC_STRINGS = YES;
				SWIFT_VERSION = 5.0;
				TARGETED_DEVICE_FAMILY = "1,2";
			};
			name = Release;
		};
		BE2A971B2E52958600736A63 /* Debug */ = {
			isa = XCBuildConfiguration;
			buildSettings = {
				BUNDLE_LOADER = "$(TEST_HOST)";
				CODE_SIGN_STYLE = Automatic;
				CURRENT_PROJECT_VERSION = 1;
				DEVELOPMENT_TEAM = MFQB3583D6;
				GENERATE_INFOPLIST_FILE = YES;
				IPHONEOS_DEPLOYMENT_TARGET = 16.0;
				MARKETING_VERSION = 1.0;
				PRODUCT_BUNDLE_IDENTIFIER = yokAppDev.quickMemoAppTests;
				PRODUCT_NAME = "$(TARGET_NAME)";
				SWIFT_EMIT_LOC_STRINGS = NO;
				SWIFT_VERSION = 5.0;
				TARGETED_DEVICE_FAMILY = "1,2";
				TEST_HOST = "$(BUILT_PRODUCTS_DIR)/quickMemoApp.app/$(BUNDLE_EXECUTABLE_FOLDER_PATH)/quickMemoApp";
			};
			name = Debug;
		};
		BE2A971C2E52958600736A63 /* Release */ = {
			isa = XCBuildConfiguration;
			buildSettings = {
				BUNDLE_LOADER = "$(TEST_HOST)";
				CODE_SIGN_STYLE = Automatic;
				CURRENT_PROJECT_VERSION = 1;
				DEVELOPMENT_TEAM = MFQB3583D6;
				GENERATE_INFOPLIST_FILE = YES;
				IPHONEOS_DEPLOYMENT_TARGET = 16.0;
				MARKETING_VERSION = 1.0;
				PRODUCT_BUNDLE_IDENTIFIER = yokAppDev.quickMemoAppTests;
				PRODUCT_NAME = "$(TARGET_NAME)";
				SWIFT_EMIT_LOC_STRINGS = NO;
				SWIFT_VERSION = 5.0;
				TARGETED_DEVICE_FAMILY = "1,2";
				TEST_HOST = "$(BUILT_PRODUCTS_DIR)/quickMemoApp.app/$(BUNDLE_EXECUTABLE_FOLDER_PATH)/quickMemoApp";
			};
			name = Release;
		};
		BE2A971E2E52958600736A63 /* Debug */ = {
			isa = XCBuildConfiguration;
			buildSettings = {
				CODE_SIGN_STYLE = Automatic;
				CURRENT_PROJECT_VERSION = 1;
				DEVELOPMENT_TEAM = MFQB3583D6;
				GENERATE_INFOPLIST_FILE = YES;
				MARKETING_VERSION = 1.0;
				PRODUCT_BUNDLE_IDENTIFIER = yokAppDev.quickMemoAppUITests;
				PRODUCT_NAME = "$(TARGET_NAME)";
				SWIFT_EMIT_LOC_STRINGS = NO;
				SWIFT_VERSION = 5.0;
				TARGETED_DEVICE_FAMILY = "1,2";
				TEST_TARGET_NAME = quickMemoApp;
			};
			name = Debug;
		};
		BE2A971F2E52958600736A63 /* Release */ = {
			isa = XCBuildConfiguration;
			buildSettings = {
				CODE_SIGN_STYLE = Automatic;
				CURRENT_PROJECT_VERSION = 1;
				DEVELOPMENT_TEAM = MFQB3583D6;
				GENERATE_INFOPLIST_FILE = YES;
				MARKETING_VERSION = 1.0;
				PRODUCT_BUNDLE_IDENTIFIER = yokAppDev.quickMemoAppUITests;
				PRODUCT_NAME = "$(TARGET_NAME)";
				SWIFT_EMIT_LOC_STRINGS = NO;
				SWIFT_VERSION = 5.0;
				TARGETED_DEVICE_FAMILY = "1,2";
				TEST_TARGET_NAME = quickMemoApp;
			};
			name = Release;
		};
		BE37DEE62E75A03100343AF8 /* Debug */ = {
			isa = XCBuildConfiguration;
			buildSettings = {
				ASSETCATALOG_COMPILER_GLOBAL_ACCENT_COLOR_NAME = AccentColor;
				ASSETCATALOG_COMPILER_WIDGET_BACKGROUND_COLOR_NAME = WidgetBackground;
				CODE_SIGN_STYLE = Automatic;
				CURRENT_PROJECT_VERSION = 1;
				DEVELOPMENT_TEAM = MFQB3583D6;
				GENERATE_INFOPLIST_FILE = YES;
				INFOPLIST_FILE = quickMemoWidget/Info.plist;
				INFOPLIST_KEY_CFBundleDisplayName = quickMemoWidget;
				INFOPLIST_KEY_NSHumanReadableCopyright = "";
				IPHONEOS_DEPLOYMENT_TARGET = 18.5;
				LD_RUNPATH_SEARCH_PATHS = (
					"$(inherited)",
					"@executable_path/Frameworks",
					"@executable_path/../../Frameworks",
				);
				MARKETING_VERSION = 1.0;
				PRODUCT_BUNDLE_IDENTIFIER = yokAppDev.quickMemoApp.quickMemoWidget;
				PRODUCT_NAME = "$(TARGET_NAME)";
				SKIP_INSTALL = YES;
				SWIFT_EMIT_LOC_STRINGS = YES;
				SWIFT_VERSION = 5.0;
				TARGETED_DEVICE_FAMILY = "1,2";
			};
			name = Debug;
		};
		BE37DEE72E75A03100343AF8 /* Release */ = {
			isa = XCBuildConfiguration;
			buildSettings = {
				ASSETCATALOG_COMPILER_GLOBAL_ACCENT_COLOR_NAME = AccentColor;
				ASSETCATALOG_COMPILER_WIDGET_BACKGROUND_COLOR_NAME = WidgetBackground;
				CODE_SIGN_STYLE = Automatic;
				CURRENT_PROJECT_VERSION = 1;
				DEVELOPMENT_TEAM = MFQB3583D6;
				GENERATE_INFOPLIST_FILE = YES;
				INFOPLIST_FILE = quickMemoWidget/Info.plist;
				INFOPLIST_KEY_CFBundleDisplayName = quickMemoWidget;
				INFOPLIST_KEY_NSHumanReadableCopyright = "";
				IPHONEOS_DEPLOYMENT_TARGET = 18.5;
				LD_RUNPATH_SEARCH_PATHS = (
					"$(inherited)",
					"@executable_path/Frameworks",
					"@executable_path/../../Frameworks",
				);
				MARKETING_VERSION = 1.0;
				PRODUCT_BUNDLE_IDENTIFIER = yokAppDev.quickMemoApp.quickMemoWidget;
				PRODUCT_NAME = "$(TARGET_NAME)";
				SKIP_INSTALL = YES;
				SWIFT_EMIT_LOC_STRINGS = YES;
				SWIFT_VERSION = 5.0;
				TARGETED_DEVICE_FAMILY = "1,2";
			};
			name = Release;
		};
/* End XCBuildConfiguration section */

/* Begin XCConfigurationList section */
		BE026FCD2E7F618500ADB5D0 /* Build configuration list for PBXNativeTarget "quickMemoWatch Watch App" */ = {
			isa = XCConfigurationList;
			buildConfigurations = (
				BE026FCE2E7F618500ADB5D0 /* Debug */,
				BE026FCF2E7F618500ADB5D0 /* Release */,
			);
			defaultConfigurationIsVisible = 0;
			defaultConfigurationName = Release;
		};
		BE026FD12E7F618500ADB5D0 /* Build configuration list for PBXNativeTarget "quickMemoWatch Watch AppTests" */ = {
			isa = XCConfigurationList;
			buildConfigurations = (
				BE026FD22E7F618500ADB5D0 /* Debug */,
				BE026FD32E7F618500ADB5D0 /* Release */,
			);
			defaultConfigurationIsVisible = 0;
			defaultConfigurationName = Release;
		};
		BE026FD42E7F618500ADB5D0 /* Build configuration list for PBXNativeTarget "quickMemoWatch Watch AppUITests" */ = {
			isa = XCConfigurationList;
			buildConfigurations = (
				BE026FD52E7F618500ADB5D0 /* Debug */,
				BE026FD62E7F618500ADB5D0 /* Release */,
			);
			defaultConfigurationIsVisible = 0;
			defaultConfigurationName = Release;
		};
		BE2A96F12E52958500736A63 /* Build configuration list for PBXProject "quickMemoApp" */ = {
			isa = XCConfigurationList;
			buildConfigurations = (
				BE2A97152E52958600736A63 /* Debug */,
				BE2A97162E52958600736A63 /* Release */,
			);
			defaultConfigurationIsVisible = 0;
			defaultConfigurationName = Release;
		};
		BE2A97172E52958600736A63 /* Build configuration list for PBXNativeTarget "quickMemoApp" */ = {
			isa = XCConfigurationList;
			buildConfigurations = (
				BE2A97182E52958600736A63 /* Debug */,
				BE2A97192E52958600736A63 /* Release */,
			);
			defaultConfigurationIsVisible = 0;
			defaultConfigurationName = Release;
		};
		BE2A971A2E52958600736A63 /* Build configuration list for PBXNativeTarget "quickMemoAppTests" */ = {
			isa = XCConfigurationList;
			buildConfigurations = (
				BE2A971B2E52958600736A63 /* Debug */,
				BE2A971C2E52958600736A63 /* Release */,
			);
			defaultConfigurationIsVisible = 0;
			defaultConfigurationName = Release;
		};
		BE2A971D2E52958600736A63 /* Build configuration list for PBXNativeTarget "quickMemoAppUITests" */ = {
			isa = XCConfigurationList;
			buildConfigurations = (
				BE2A971E2E52958600736A63 /* Debug */,
				BE2A971F2E52958600736A63 /* Release */,
			);
			defaultConfigurationIsVisible = 0;
			defaultConfigurationName = Release;
		};
		BE37DEE52E75A03100343AF8 /* Build configuration list for PBXNativeTarget "quickMemoWidgetExtension" */ = {
			isa = XCConfigurationList;
			buildConfigurations = (
				BE37DEE62E75A03100343AF8 /* Debug */,
				BE37DEE72E75A03100343AF8 /* Release */,
			);
			defaultConfigurationIsVisible = 0;
			defaultConfigurationName = Release;
		};
/* End XCConfigurationList section */
	};
	rootObject = BE2A96EE2E52958500736A63 /* Project object */;
}
